
Microsoft Visual Studio Solution File, Format Version 12.00
# Visual Studio Version 16
VisualStudioVersion = 16.0.30114.105
MinimumVisualStudioVersion = 10.0.40219.1
Project("{2150E333-8FDC-42A3-9474-1A3956D46DE8}") = "Lib", "Lib", "{2403E1E6-25D5-4AEC-A905-C94025D158B5}"
EndProject
Project("{FAE04EC0-301F-11D3-BF4B-00C04F79EFBC}") = "MicroExample.Common", "Lib\MicroExample.Common\MicroExample.Common.csproj", "{F09ABC13-F1BC-447E-97A8-01BF200B682F}"
EndProject
Project("{2150E333-8FDC-42A3-9474-1A3956D46DE8}") = "Src", "Src", "{73EE2508-4EA9-492D-9973-2E27A6057098}"
EndProject
Project("{FAE04EC0-301F-11D3-BF4B-00C04F79EFBC}") = "MicroExample.DocManagementService", "Src\MicroExample.DocManagementService\MicroExample.DocManagementService.csproj", "{F6E2BB6B-36F3-4460-A184-72B3EF37CBF5}"
EndProject
Project("{FAE04EC0-301F-11D3-BF4B-00C04F79EFBC}") = "MicroExample.EmailService", "Src\MicroExample.EmailService\MicroExample.EmailService.csproj", "{92A5C048-CE04-4D3E-9C3A-EA3D557E5DF2}"
EndProject
Project("{FAE04EC0-301F-11D3-BF4B-00C04F79EFBC}") = "MicroExample.NotificationService", "Src\MicroExample.NotificationService\MicroExample.NotificationService.csproj", "{E94C3041-8508-405E-8D35-6F2B685907D6}"
EndProject
Project("{2150E333-8FDC-42A3-9474-1A3956D46DE8}") = "MicroExample.Cud", "MicroExample.Cud", "{5D23C18B-C43A-4FC5-988B-0DFC026CD05A}"
EndProject
Project("{FAE04EC0-301F-11D3-BF4B-00C04F79EFBC}") = "Api", "Src\MicroExample.Cud\Api\Api.csproj", "{0C8B2636-48CF-4D13-B6BB-38C829759BF1}"
EndProject
Project("{FAE04EC0-301F-11D3-BF4B-00C04F79EFBC}") = "Core", "Src\MicroExample.Cud\Core\Core.csproj", "{EBA231BD-8FC1-4C63-BE92-28B1F7B0AECB}"
EndProject
Project("{FAE04EC0-301F-11D3-BF4B-00C04F79EFBC}") = "Infrastructure", "Src\MicroExample.Cud\Infrastructure\Infrastructure.csproj", "{4118D894-322F-4D1F-8083-9987984045D2}"
EndProject
Project("{2150E333-8FDC-42A3-9474-1A3956D46DE8}") = "MicroExample.Read", "MicroExample.Read", "{5E1EFB16-65F8-41F0-B8D6-1D741EA402D7}"
EndProject
Project("{FAE04EC0-301F-11D3-BF4B-00C04F79EFBC}") = "Api", "Src\MicroExample.Read\Api\Api.csproj", "{9F6204F8-E0CA-4A50-BD0E-81CD059304C4}"
EndProject
Project("{FAE04EC0-301F-11D3-BF4B-00C04F79EFBC}") = "Core", "Src\MicroExample.Read\Core\Core.csproj", "{407D899B-DB0C-4B5B-A94D-B88DD3ECFE58}"
EndProject
Project("{FAE04EC0-301F-11D3-BF4B-00C04F79EFBC}") = "Infrastructure", "Src\MicroExample.Read\Infrastructure\Infrastructure.csproj", "{5E50D4CE-EC15-4029-BA58-FC76560A10B2}"
EndProject
Global
	GlobalSection(SolutionConfigurationPlatforms) = preSolution
		Debug|Any CPU = Debug|Any CPU
		Release|Any CPU = Release|Any CPU
	EndGlobalSection
	GlobalSection(SolutionProperties) = preSolution
		HideSolutionNode = FALSE
	EndGlobalSection
	GlobalSection(ProjectConfigurationPlatforms) = postSolution
		{F09ABC13-F1BC-447E-97A8-01BF200B682F}.Debug|Any CPU.ActiveCfg = Debug|Any CPU
		{F09ABC13-F1BC-447E-97A8-01BF200B682F}.Debug|Any CPU.Build.0 = Debug|Any CPU
		{F09ABC13-F1BC-447E-97A8-01BF200B682F}.Release|Any CPU.ActiveCfg = Release|Any CPU
		{F09ABC13-F1BC-447E-97A8-01BF200B682F}.Release|Any CPU.Build.0 = Release|Any CPU
		{F6E2BB6B-36F3-4460-A184-72B3EF37CBF5}.Debug|Any CPU.ActiveCfg = Debug|Any CPU
		{F6E2BB6B-36F3-4460-A184-72B3EF37CBF5}.Debug|Any CPU.Build.0 = Debug|Any CPU
		{F6E2BB6B-36F3-4460-A184-72B3EF37CBF5}.Release|Any CPU.ActiveCfg = Release|Any CPU
		{F6E2BB6B-36F3-4460-A184-72B3EF37CBF5}.Release|Any CPU.Build.0 = Release|Any CPU
		{92A5C048-CE04-4D3E-9C3A-EA3D557E5DF2}.Debug|Any CPU.ActiveCfg = Debug|Any CPU
		{92A5C048-CE04-4D3E-9C3A-EA3D557E5DF2}.Debug|Any CPU.Build.0 = Debug|Any CPU
		{92A5C048-CE04-4D3E-9C3A-EA3D557E5DF2}.Release|Any CPU.ActiveCfg = Release|Any CPU
		{92A5C048-CE04-4D3E-9C3A-EA3D557E5DF2}.Release|Any CPU.Build.0 = Release|Any CPU
		{E94C3041-8508-405E-8D35-6F2B685907D6}.Debug|Any CPU.ActiveCfg = Debug|Any CPU
		{E94C3041-8508-405E-8D35-6F2B685907D6}.Debug|Any CPU.Build.0 = Debug|Any CPU
		{E94C3041-8508-405E-8D35-6F2B685907D6}.Release|Any CPU.ActiveCfg = Release|Any CPU
		{E94C3041-8508-405E-8D35-6F2B685907D6}.Release|Any CPU.Build.0 = Release|Any CPU
		{0C8B2636-48CF-4D13-B6BB-38C829759BF1}.Debug|Any CPU.ActiveCfg = Debug|Any CPU
		{0C8B2636-48CF-4D13-B6BB-38C829759BF1}.Debug|Any CPU.Build.0 = Debug|Any CPU
		{0C8B2636-48CF-4D13-B6BB-38C829759BF1}.Release|Any CPU.ActiveCfg = Release|Any CPU
		{0C8B2636-48CF-4D13-B6BB-38C829759BF1}.Release|Any CPU.Build.0 = Release|Any CPU
		{EBA231BD-8FC1-4C63-BE92-28B1F7B0AECB}.Debug|Any CPU.ActiveCfg = Debug|Any CPU
		{EBA231BD-8FC1-4C63-BE92-28B1F7B0AECB}.Debug|Any CPU.Build.0 = Debug|Any CPU
		{EBA231BD-8FC1-4C63-BE92-28B1F7B0AECB}.Release|Any CPU.ActiveCfg = Release|Any CPU
		{EBA231BD-8FC1-4C63-BE92-28B1F7B0AECB}.Release|Any CPU.Build.0 = Release|Any CPU
		{4118D894-322F-4D1F-8083-9987984045D2}.Debug|Any CPU.ActiveCfg = Debug|Any CPU
		{4118D894-322F-4D1F-8083-9987984045D2}.Debug|Any CPU.Build.0 = Debug|Any CPU
		{4118D894-322F-4D1F-8083-9987984045D2}.Release|Any CPU.ActiveCfg = Release|Any CPU
		{4118D894-322F-4D1F-8083-9987984045D2}.Release|Any CPU.Build.0 = Release|Any CPU
		{9F6204F8-E0CA-4A50-BD0E-81CD059304C4}.Debug|Any CPU.ActiveCfg = Debug|Any CPU
		{9F6204F8-E0CA-4A50-BD0E-81CD059304C4}.Debug|Any CPU.Build.0 = Debug|Any CPU
		{9F6204F8-E0CA-4A50-BD0E-81CD059304C4}.Release|Any CPU.ActiveCfg = Release|Any CPU
		{9F6204F8-E0CA-4A50-BD0E-81CD059304C4}.Release|Any CPU.Build.0 = Release|Any CPU
		{407D899B-DB0C-4B5B-A94D-B88DD3ECFE58}.Debug|Any CPU.ActiveCfg = Debug|Any CPU
		{407D899B-DB0C-4B5B-A94D-B88DD3ECFE58}.Debug|Any CPU.Build.0 = Debug|Any CPU
		{407D899B-DB0C-4B5B-A94D-B88DD3ECFE58}.Release|Any CPU.ActiveCfg = Release|Any CPU
		{407D899B-DB0C-4B5B-A94D-B88DD3ECFE58}.Release|Any CPU.Build.0 = Release|Any CPU
		{5E50D4CE-EC15-4029-BA58-FC76560A10B2}.Debug|Any CPU.ActiveCfg = Debug|Any CPU
		{5E50D4CE-EC15-4029-BA58-FC76560A10B2}.Debug|Any CPU.Build.0 = Debug|Any CPU
		{5E50D4CE-EC15-4029-BA58-FC76560A10B2}.Release|Any CPU.ActiveCfg = Release|Any CPU
		{5E50D4CE-EC15-4029-BA58-FC76560A10B2}.Release|Any CPU.Build.0 = Release|Any CPU
	EndGlobalSection
	GlobalSection(NestedProjects) = preSolution
		{F09ABC13-F1BC-447E-97A8-01BF200B682F} = {2403E1E6-25D5-4AEC-A905-C94025D158B5}
		{F6E2BB6B-36F3-4460-A184-72B3EF37CBF5} = {73EE2508-4EA9-492D-9973-2E27A6057098}
		{92A5C048-CE04-4D3E-9C3A-EA3D557E5DF2} = {73EE2508-4EA9-492D-9973-2E27A6057098}
		{E94C3041-8508-405E-8D35-6F2B685907D6} = {73EE2508-4EA9-492D-9973-2E27A6057098}
		{5D23C18B-C43A-4FC5-988B-0DFC026CD05A} = {73EE2508-4EA9-492D-9973-2E27A6057098}
		{0C8B2636-48CF-4D13-B6BB-38C829759BF1} = {5D23C18B-C43A-4FC5-988B-0DFC026CD05A}
		{EBA231BD-8FC1-4C63-BE92-28B1F7B0AECB} = {5D23C18B-C43A-4FC5-988B-0DFC026CD05A}
		{4118D894-322F-4D1F-8083-9987984045D2} = {5D23C18B-C43A-4FC5-988B-0DFC026CD05A}
		{5E1EFB16-65F8-41F0-B8D6-1D741EA402D7} = {73EE2508-4EA9-492D-9973-2E27A6057098}
		{9F6204F8-E0CA-4A50-BD0E-81CD059304C4} = {5E1EFB16-65F8-41F0-B8D6-1D741EA402D7}
		{407D899B-DB0C-4B5B-A94D-B88DD3ECFE58} = {5E1EFB16-65F8-41F0-B8D6-1D741EA402D7}
		{5E50D4CE-EC15-4029-BA58-FC76560A10B2} = {5E1EFB16-65F8-41F0-B8D6-1D741EA402D7}
	EndGlobalSection
EndGlobal
